langcode: en
status: true
dependencies:
  config:
    - views.view.alert_bar_message
  module:
    - views
  theme:
    - bot_custom
id: views_block__alert_bar_message_alert_message_block
theme: bot_custom
region: alert_message
weight: -10
provider: null
plugin: 'views_block:alert_bar_message-alert_message_block'
settings:
  id: 'views_block:alert_bar_message-alert_message_block'
  label: ''
  provider: views
  label_display: '0'
  views_label: ''
  items_per_page: none
visibility: {  }
